version: 2.0
shards:
  db:
    git: https://github.com/crystal-lang/crystal-db.git
    version: 0.6.0

  dotenv:
    git: https://github.com/gdotdesign/cr-dotenv.git
    version: 1.0.0

  migrate:
    git: https://github.com/oatmealine/migrate.cr.git
    version: 0.5.0+git.commit.31af921c4a0ba1d42c4bff8047c5d91584082158

  sqlite3:
    git: https://github.com/crystal-lang/crystal-sqlite3.git
    version: 0.13.0

  time_format:
    git: https://github.com/vladfaust/time_format.cr.git
    version: 0.1.1

  toml:
    git: https://github.com/crystal-community/toml.cr.git
    version: 0.7.0+git.commit.4b6325e2a378bac4abc98ee4d5734d57a6a55554

